# THIS IS AN AUTOGENERATED FILE. DO NOT EDIT THIS FILE DIRECTLY.
# yarn lockfile v1


"@prisma/client@^4.0.0":
  version "4.0.0"
  resolved "https://registry.yarnpkg.com/@prisma/client/-/client-4.0.0.tgz#ed2f46930a1da0d8ae88d7965485973576b04270"
  integrity sha512-g1h2OGoRo7anBVQ9Cw3gsbjwPtvf7i0pkGxKeZICtwkvE5CZXW+xZF4FZdmrViYkKaAShbISL0teNpu9ecpf4g==
  dependencies:
    "@prisma/engines-version" "3.16.0-49.da41d2bb3406da22087b849f0e911199ba4fbf11"

"@prisma/engines-version@3.16.0-49.da41d2bb3406da22087b849f0e911199ba4fbf11":
  version "3.16.0-49.da41d2bb3406da22087b849f0e911199ba4fbf11"
  resolved "https://registry.yarnpkg.com/@prisma/engines-version/-/engines-version-3.16.0-49.da41d2bb3406da22087b849f0e911199ba4fbf11.tgz#4b5efe5eee2feef12910e4627a572cd96ed83236"
  integrity sha512-PiZhdD624SrYEjyLboI0X7OugNbxUzDJx9v/6ldTKuqNDVUCmRH/Z00XwDi/dgM4FlqOSO+YiUsSiSKjxxG8cw==

"@prisma/engines@3.16.0-49.da41d2bb3406da22087b849f0e911199ba4fbf11":
  version "3.16.0-49.da41d2bb3406da22087b849f0e911199ba4fbf11"
  resolved "https://registry.yarnpkg.com/@prisma/engines/-/engines-3.16.0-49.da41d2bb3406da22087b849f0e911199ba4fbf11.tgz#82f0018153cffa05d61422f9c0c7b0479b180f75"
  integrity sha512-u/rG4lDHALolWBLr3yebZ+N2qImp3SDMcu7bHNJuRDaYvYEXy/MqfNRNEgd9GoPsXL3gofYf0VzJf2AmCG3YVw==

axios@^0.24.0:
  version "0.24.0"
  resolved "https://registry.yarnpkg.com/axios/-/axios-0.24.0.tgz#804e6fa1e4b9c5288501dd9dff56a7a0940d20d6"
  integrity sha512-Q6cWsys88HoPgAaFAVUb0WpPk0O8iTeisR9IMqy9G8AbO4NlpVknrnQS03zzF9PGAWgO3cgletO3VjV/P7VztA==
  dependencies:
    follow-redirects "^1.14.4"

boolbase@^1.0.0:
  version "1.0.0"
  resolved "https://registry.yarnpkg.com/boolbase/-/boolbase-1.0.0.tgz#68dff5fbe60c51eb37725ea9e3ed310dcc1e776e"
  integrity sha512-JZOSA7Mo9sNGB8+UjSgzdLtokWAky1zbztM3WRLCbZ70/3cTANmQmOdR7y2g+J0e2WXywy1yS468tY+IruqEww==

css-select@^4.2.1:
  version "4.3.0"
  resolved "https://registry.yarnpkg.com/css-select/-/css-select-4.3.0.tgz#db7129b2846662fd8628cfc496abb2b59e41529b"
  integrity sha512-wPpOYtnsVontu2mODhA19JrqWxNsfdatRKd64kmpRbQgh1KtItko5sTnEpPdpSaJszTOhEMlF/RPz28qj4HqhQ==
  dependencies:
    boolbase "^1.0.0"
    css-what "^6.0.1"
    domhandler "^4.3.1"
    domutils "^2.8.0"
    nth-check "^2.0.1"

css-what@^6.0.1:
  version "6.1.0"
  resolved "https://registry.yarnpkg.com/css-what/-/css-what-6.1.0.tgz#fb5effcf76f1ddea2c81bdfaa4de44e79bac70f4"
  integrity sha512-HTUrgRJ7r4dsZKU6GjmpfRK1O76h97Z8MfS1G0FozR+oF2kG6Vfe8JE6zwrkbxigziPHinCJ+gCPjA9EaBDtRw==

dom-serializer@^1.0.1:
  version "1.4.1"
  resolved "https://registry.yarnpkg.com/dom-serializer/-/dom-serializer-1.4.1.tgz#de5d41b1aea290215dc45a6dae8adcf1d32e2d30"
  integrity sha512-VHwB3KfrcOOkelEG2ZOfxqLZdfkil8PtJi4P8N2MMXucZq2yLp75ClViUlOVwyoHEDjYU433Aq+5zWP61+RGag==
  dependencies:
    domelementtype "^2.0.1"
    domhandler "^4.2.0"
    entities "^2.0.0"

domelementtype@^2.0.1, domelementtype@^2.2.0:
  version "2.3.0"
  resolved "https://registry.yarnpkg.com/domelementtype/-/domelementtype-2.3.0.tgz#5c45e8e869952626331d7aab326d01daf65d589d"
  integrity sha512-OLETBj6w0OsagBwdXnPdN0cnMfF9opN69co+7ZrbfPGrdpPVNBUj02spi6B1N7wChLQiPn4CSH/zJvXw56gmHw==

domhandler@^4.2.0, domhandler@^4.3.1:
  version "4.3.1"
  resolved "https://registry.yarnpkg.com/domhandler/-/domhandler-4.3.1.tgz#8d792033416f59d68bc03a5aa7b018c1ca89279c"
  integrity sha512-GrwoxYN+uWlzO8uhUXRl0P+kHE4GtVPfYzVLcUxPL7KNdHKj66vvlhiweIHqYYXWlw+T8iLMp42Lm67ghw4WMQ==
  dependencies:
    domelementtype "^2.2.0"

domutils@^2.8.0:
  version "2.8.0"
  resolved "https://registry.yarnpkg.com/domutils/-/domutils-2.8.0.tgz#4437def5db6e2d1f5d6ee859bd95ca7d02048135"
  integrity sha512-w96Cjofp72M5IIhpjgobBimYEfoPjx1Vx0BSX9P30WBdZW2WIKU0T1Bd0kz2eNZ9ikjKgHbEyKx8BB6H1L3h3A==
  dependencies:
    dom-serializer "^1.0.1"
    domelementtype "^2.2.0"
    domhandler "^4.2.0"

entities@^2.0.0, entities@^2.0.3:
  version "2.2.0"
  resolved "https://registry.yarnpkg.com/entities/-/entities-2.2.0.tgz#098dc90ebb83d8dffa089d55256b351d34c4da55"
  integrity sha512-p92if5Nz619I0w+akJrLZH0MX0Pb5DX39XOwQTtXSdQQOaYH03S1uIQp4mhOZtAXrxq4ViO67YTiLBo2638o9A==

follow-redirects@^1.14.4:
  version "1.15.1"
  resolved "https://registry.yarnpkg.com/follow-redirects/-/follow-redirects-1.15.1.tgz#0ca6a452306c9b276e4d3127483e29575e207ad5"
  integrity sha512-yLAMQs+k0b2m7cVxpS1VKJVvoz7SS9Td1zss3XRwXj+ZDH00RJgnuLx7E44wx02kQLrdM3aOOy+FpzS7+8OizA==

he@1.2.0:
  version "1.2.0"
  resolved "https://registry.yarnpkg.com/he/-/he-1.2.0.tgz#84ae65fa7eafb165fddb61566ae14baf05664f0f"
  integrity sha512-F/1DnUGPopORZi0ni+CvrCgHQ5FyEAHRLSApuYWMmrbSwoN2Mn/7k+Gl38gJnR7yyDZk6WLXwiGod1JOWNDKGw==

html-metadata-parser@^2.0.4:
  version "2.0.4"
  resolved "https://registry.yarnpkg.com/html-metadata-parser/-/html-metadata-parser-2.0.4.tgz#74d74f4361631d2d9f4e2221219371e0db5d343d"
  integrity sha512-pBjST/bbe3nuy/fNmvyY4G+ypukQ/QHiGc+YnS4up2OVnT4vI0CZA4x2J0Ri77sQkQGH2IMAAug0fE78FfDrLw==
  dependencies:
    axios "^0.24.0"
    node-html-parser "^5.2.0"

node-html-parser@^5.2.0:
  version "5.3.3"
  resolved "https://registry.yarnpkg.com/node-html-parser/-/node-html-parser-5.3.3.tgz#2845704f3a7331a610e0e551bf5fa02b266341b6"
  integrity sha512-ncg1033CaX9UexbyA7e1N0aAoAYRDiV8jkTvzEnfd1GDvzFdrsXLzR4p4ik8mwLgnaKP/jyUFWDy9q3jvRT2Jw==
  dependencies:
    css-select "^4.2.1"
    he "1.2.0"

nth-check@^2.0.1:
  version "2.1.1"
  resolved "https://registry.yarnpkg.com/nth-check/-/nth-check-2.1.1.tgz#c9eab428effce36cd6b92c924bdb000ef1f1ed1d"
  integrity sha512-lqjrjmaOoAnWfMmBPL+XNnynZh2+swxiX3WUE0s4yEHI6m+AwrK2UZOimIRl3X/4QctVqS8AiZjFqyOGrMXb/w==
  dependencies:
    boolbase "^1.0.0"

prisma@^4.0.0:
  version "4.0.0"
  resolved "https://registry.yarnpkg.com/prisma/-/prisma-4.0.0.tgz#4ddb8fcd4f64d33aff8c198a6986dcce66dc8152"
  integrity sha512-Dtsar03XpCBkcEb2ooGWO/WcgblDTLzGhPcustbehwlFXuTMliMDRzXsfygsgYwQoZnAUKRd1rhpvBNEUziOVw==
  dependencies:
    "@prisma/engines" "3.16.0-49.da41d2bb3406da22087b849f0e911199ba4fbf11"

rss-parser@^3.12.0:
  version "3.12.0"
  resolved "https://registry.yarnpkg.com/rss-parser/-/rss-parser-3.12.0.tgz#b8888699ea46304a74363fbd8144671b2997984c"
  integrity sha512-aqD3E8iavcCdkhVxNDIdg1nkBI17jgqF+9OqPS1orwNaOgySdpvq6B+DoONLhzjzwV8mWg37sb60e4bmLK117A==
  dependencies:
    entities "^2.0.3"
    xml2js "^0.4.19"

sax@>=0.6.0:
  version "1.2.4"
  resolved "https://registry.yarnpkg.com/sax/-/sax-1.2.4.tgz#2816234e2378bddc4e5354fab5caa895df7100d9"
  integrity sha512-NqVDv9TpANUjFm0N8uM5GxL36UgKi9/atZw+x7YFnQ8ckwFGKrl4xX4yWtrey3UJm5nP1kUbnYgLopqWNSRhWw==

xml2js@^0.4.19:
  version "0.4.23"
  resolved "https://registry.yarnpkg.com/xml2js/-/xml2js-0.4.23.tgz#a0c69516752421eb2ac758ee4d4ccf58843eac66"
  integrity sha512-ySPiMjM0+pLDftHgXY4By0uswI3SPKLDw/i3UXbnO8M/p28zqexCUoPmQFrYD+/1BzhGJSs2i1ERWKJAtiLrug==
  dependencies:
    sax ">=0.6.0"
    xmlbuilder "~11.0.0"

xmlbuilder@~11.0.0:
  version "11.0.1"
  resolved "https://registry.yarnpkg.com/xmlbuilder/-/xmlbuilder-11.0.1.tgz#be9bae1c8a046e76b31127726347d0ad7002beb3"
  integrity sha512-fDlsI/kFEx7gLvbecc0/ohLG50fugQp8ryHzMTuW9vSa1GJ0XYWKnhsUx7oie3G98+r56aTQIUB4kht42R3JvA==
